
Microsoft Visual Studio Solution File, Format Version 12.00
# Visual Studio Version 17
VisualStudioVersion = 17.13.35818.85 d17.13
MinimumVisualStudioVersion = 10.0.40219.1
Project("{FAE04EC0-301F-11D3-BF4B-00C04F79EFBC}") = "NootzDesk", "NootzDesk\NootzDesk.csproj", "{EFF9C6D3-BEB6-445E-9940-5D27242538FF}"
EndProject
Global
	GlobalSection(SolutionConfigurationPlatforms) = preSolution
		Debug|Any CPU = Debug|Any CPU
		Release|Any CPU = Release|Any CPU
	EndGlobalSection
	GlobalSection(ProjectConfigurationPlatforms) = postSolution
		{EFF9C6D3-BEB6-445E-9940-5D27242538FF}.Debug|Any CPU.ActiveCfg = Debug|Any CPU
		{EFF9C6D3-BEB6-445E-9940-5D27242538FF}.Debug|Any CPU.Build.0 = Debug|Any CPU
		{EFF9C6D3-BEB6-445E-9940-5D27242538FF}.Release|Any CPU.ActiveCfg = Release|Any CPU
		{EFF9C6D3-BEB6-445E-9940-5D27242538FF}.Release|Any CPU.Build.0 = Release|Any CPU
	EndGlobalSection
	GlobalSection(SolutionProperties) = preSolution
		HideSolutionNode = FALSE
	EndGlobalSection
	GlobalSection(ExtensibilityGlobals) = postSolution
		SolutionGuid = {B5600120-A5EE-4E29-902F-054941C4F278}
	EndGlobalSection
EndGlobal
